// !$*UTF8*$!
{
	archiveVersion = 1;
	classes = {
	};
	objectVersion = 46;
	objects = {

/* Begin PBXBuildFile section */
		CBCAFE341D64C88B00118FF9 /* AppDelegate.swift in Sources */ = {isa = PBXBuildFile; fileRef = CBCAFE331D64C88B00118FF9 /* AppDelegate.swift */; };
		CBCAFE361D64C88B00118FF9 /* ViewController.swift in Sources */ = {isa = PBXBuildFile; fileRef = CBCAFE351D64C88B00118FF9 /* ViewController.swift */; };
		CBCAFE391D64C88B00118FF9 /* Main.storyboard in Resources */ = {isa = PBXBuildFile; fileRef = CBCAFE371D64C88B00118FF9 /* Main.storyboard */; };
		CBCAFE3B1D64C88B00118FF9 /* Images.xcassets in Resources */ = {isa = PBXBuildFile; fileRef = CBCAFE3A1D64C88B00118FF9 /* Images.xcassets */; };
		CBCAFE3E1D64C88B00118FF9 /* LaunchScreen.xib in Resources */ = {isa = PBXBuildFile; fileRef = CBCAFE3C1D64C88B00118FF9 /* LaunchScreen.xib */; };
		CBCAFE4A1D64C88B00118FF9 /* WakandaTests.swift in Sources */ = {isa = PBXBuildFile; fileRef = CBCAFE491D64C88B00118FF9 /* WakandaTests.swift */; };
/* End PBXBuildFile section */

/* Begin PBXContainerItemProxy section */
		CBCAFE441D64C88B00118FF9 /* PBXContainerItemProxy */ = {
			isa = PBXContainerItemProxy;
			containerPortal = CBCAFE261D64C88B00118FF9 /* Project object */;
			proxyType = 1;
			remoteGlobalIDString = CBCAFE2D1D64C88B00118FF9;
			remoteInfo = Wakanda;
		};
/* End PBXContainerItemProxy section */

/* Begin PBXFileReference section */
		CBCAFE2E1D64C88B00118FF9 /* Wakanda.app */ = {isa = PBXFileReference; explicitFileType = wrapper.application; includeInIndex = 0; path = Wakanda.app; sourceTree = BUILT_PRODUCTS_DIR; };
		CBCAFE321D64C88B00118FF9 /* Info.plist */ = {isa = PBXFileReference; lastKnownFileType = text.plist.xml; path = Info.plist; sourceTree = "<group>"; };
		CBCAFE331D64C88B00118FF9 /* AppDelegate.swift */ = {isa = PBXFileReference; lastKnownFileType = sourcecode.swift; path = AppDelegate.swift; sourceTree = "<group>"; };
		CBCAFE351D64C88B00118FF9 /* ViewController.swift */ = {isa = PBXFileReference; lastKnownFileType = sourcecode.swift; path = ViewController.swift; sourceTree = "<group>"; };
		CBCAFE381D64C88B00118FF9 /* Base */ = {isa = PBXFileReference; lastKnownFileType = file.storyboard; name = Base; path = Base.lproj/Main.storyboard; sourceTree = "<group>"; };
		CBCAFE3A1D64C88B00118FF9 /* Images.xcassets */ = {isa = PBXFileReference; lastKnownFileType = folder.assetcatalog; path = Images.xcassets; sourceTree = "<group>"; };
		CBCAFE3D1D64C88B00118FF9 /* Base */ = {isa = PBXFileReference; lastKnownFileType = file.xib; name = Base; path = Base.lproj/LaunchScreen.xib; sourceTree = "<group>"; };
		CBCAFE431D64C88B00118FF9 /* WakandaTests.xctest */ = {isa = PBXFileReference; explicitFileType = wrapper.cfbundle; includeInIndex = 0; path = WakandaTests.xctest; sourceTree = BUILT_PRODUCTS_DIR; };
		CBCAFE481D64C88B00118FF9 /* Info.plist */ = {isa = PBXFileReference; lastKnownFileType = text.plist.xml; path = Info.plist; sourceTree = "<group>"; };
		CBCAFE491D64C88B00118FF9 /* WakandaTests.swift */ = {isa = PBXFileReference; lastKnownFileType = sourcecode.swift; path = WakandaTests.swift; sourceTree = "<group>"; };
/* End PBXFileReference section */

/* Begin PBXFrameworksBuildPhase section */
		CBCAFE2B1D64C88B00118FF9 /* Frameworks */ = {
			isa = PBXFrameworksBuildPhase;
			buildActionMask = 2147483647;
			files = (
			);
			runOnlyForDeploymentPostprocessing = 0;
		};
		CBCAFE401D64C88B00118FF9 /* Frameworks */ = {
			isa = PBXFrameworksBuildPhase;
			buildActionMask = 2147483647;
			files = (
			);
			runOnlyForDeploymentPostprocessing = 0;
		};
/* End PBXFrameworksBuildPhase section */

/* Begin PBXGroup section */
		CBCAFE251D64C88B00118FF9 = {
			isa = PBXGroup;
			children = (
				CBCAFE301D64C88B00118FF9 /* Wakanda */,
				CBCAFE461D64C88B00118FF9 /* WakandaTests */,
				CBCAFE2F1D64C88B00118FF9 /* Products */,
			);
			sourceTree = "<group>";
		};
		CBCAFE2F1D64C88B00118FF9 /* Products */ = {
			isa = PBXGroup;
			children = (
				CBCAFE2E1D64C88B00118FF9 /* Wakanda.app */,
				CBCAFE431D64C88B00118FF9 /* WakandaTests.xctest */,
			);
			name = Products;
			sourceTree = "<group>";
		};
		CBCAFE301D64C88B00118FF9 /* Wakanda */ = {
			isa = PBXGroup;
			children = (
				CBCAFE331D64C88B00118FF9 /* AppDelegate.swift */,
				CBCAFE351D64C88B00118FF9 /* ViewController.swift */,
				CBCAFE371D64C88B00118FF9 /* Main.storyboard */,
				CBCAFE3A1D64C88B00118FF9 /* Images.xcassets */,
				CBCAFE3C1D64C88B00118FF9 /* LaunchScreen.xib */,
				CBCAFE311D64C88B00118FF9 /* Supporting Files */,
			);
			path = Wakanda;
			sourceTree = "<group>";
		};
		CBCAFE311D64C88B00118FF9 /* Supporting Files */ = {
			isa = PBXGroup;
			children = (
				CBCAFE321D64C88B00118FF9 /* Info.plist */,
			);
			name = "Supporting Files";
			sourceTree = "<group>";
		};
		CBCAFE461D64C88B00118FF9 /* WakandaTests */ = {
			isa = PBXGroup;
			children = (
				CBCAFE491D64C88B00118FF9 /* WakandaTests.swift */,
				CBCAFE471D64C88B00118FF9 /* Supporting Files */,
			);
			path = WakandaTests;
			sourceTree = "<group>";
		};
		CBCAFE471D64C88B00118FF9 /* Supporting Files */ = {
			isa = PBXGroup;
			children = (
				CBCAFE481D64C88B00118FF9 /* Info.plist */,
			);
			name = "Supporting Files";
			sourceTree = "<group>";
		};
/* End PBXGroup section */

/* Begin PBXNativeTarget section */
		CBCAFE2D1D64C88B00118FF9 /* Wakanda */ = {
			isa = PBXNativeTarget;
			buildConfigurationList = CBCAFE4D1D64C88B00118FF9 /* Build configuration list for PBXNativeTarget "Wakanda" */;
			buildPhases = (
				CBCAFE2A1D64C88B00118FF9 /* Sources */,
				CBCAFE2B1D64C88B00118FF9 /* Frameworks */,
				CBCAFE2C1D64C88B00118FF9 /* Resources */,
			);
			buildRules = (
			);
			dependencies = (
			);
			name = Wakanda;
			productName = Wakanda;
			productReference = CBCAFE2E1D64C88B00118FF9 /* Wakanda.app */;
			productType = "com.apple.product-type.application";
		};
		CBCAFE421D64C88B00118FF9 /* WakandaTests */ = {
			isa = PBXNativeTarget;
			buildConfigurationList = CBCAFE501D64C88B00118FF9 /* Build configuration list for PBXNativeTarget "WakandaTests" */;
			buildPhases = (
				CBCAFE3F1D64C88B00118FF9 /* Sources */,
				CBCAFE401D64C88B00118FF9 /* Frameworks */,
				CBCAFE411D64C88B00118FF9 /* Resources */,
			);
			buildRules = (
			);
			dependencies = (
				CBCAFE451D64C88B00118FF9 /* PBXTargetDependency */,
			);
			name = WakandaTests;
			productName = WakandaTests;
			productReference = CBCAFE431D64C88B00118FF9 /* WakandaTests.xctest */;
			productType = "com.apple.product-type.bundle.unit-test";
		};
/* End PBXNativeTarget section */

/* Begin PBXProject section */
		CBCAFE261D64C88B00118FF9 /* Project object */ = {
			isa = PBXProject;
			attributes = {
				LastSwiftUpdateCheck = 0730;
				LastUpgradeCheck = 0640;
				ORGANIZATIONNAME = "maria garcia";
				TargetAttributes = {
					CBCAFE2D1D64C88B00118FF9 = {
						CreatedOnToolsVersion = 6.4;
					};
					CBCAFE421D64C88B00118FF9 = {
						CreatedOnToolsVersion = 6.4;
						TestTargetID = CBCAFE2D1D64C88B00118FF9;
					};
				};
			};
			buildConfigurationList = CBCAFE291D64C88B00118FF9 /* Build configuration list for PBXProject "Wakanda" */;
			compatibilityVersion = "Xcode 3.2";
			developmentRegion = English;
			hasScannedForEncodings = 0;
			knownRegions = (
				en,
				Base,
			);
			mainGroup = CBCAFE251D64C88B00118FF9;
			productRefGroup = CBCAFE2F1D64C88B00118FF9 /* Products */;
			projectDirPath = "";
			projectRoot = "";
			targets = (
				CBCAFE2D1D64C88B00118FF9 /* Wakanda */,
				CBCAFE421D64C88B00118FF9 /* WakandaTests */,
			);
		};
/* End PBXProject section */

/* Begin PBXResourcesBuildPhase section */
		CBCAFE2C1D64C88B00118FF9 /* Resources */ = {
			isa = PBXResourcesBuildPhase;
			buildActionMask = 2147483647;
			files = (
				CBCAFE391D64C88B00118FF9 /* Main.storyboard in Resources */,
				CBCAFE3E1D64C88B00118FF9 /* LaunchScreen.xib in Resources */,
				CBCAFE3B1D64C88B00118FF9 /* Images.xcassets in Resources */,
			);
			runOnlyForDeploymentPostprocessing = 0;
		};
		CBCAFE411D64C88B00118FF9 /* Resources */ = {
			isa = PBXResourcesBuildPhase;
			buildActionMask = 2147483647;
			files = (
			);
			runOnlyForDeploymentPostprocessing = 0;
		};
/* End PBXResourcesBuildPhase section */

/* Begin PBXSourcesBuildPhase section */
		CBCAFE2A1D64C88B00118FF9 /* Sources */ = {
			isa = PBXSourcesBuildPhase;
			buildActionMask = 2147483647;
			files = (
				CBCAFE361D64C88B00118FF9 /* ViewController.swift in Sources */,
				CBCAFE341D64C88B00118FF9 /* AppDelegate.swift in Sources */,
			);
			runOnlyForDeploymentPostprocessing = 0;
		};
		CBCAFE3F1D64C88B00118FF9 /* Sources */ = {
			isa = PBXSourcesBuildPhase;
			buildActionMask = 2147483647;
			files = (
				CBCAFE4A1D64C88B00118FF9 /* WakandaTests.swift in Sources */,
			);
			runOnlyForDeploymentPostprocessing = 0;
		};
/* End PBXSourcesBuildPhase section */

/* Begin PBXTargetDependency section */
		CBCAFE451D64C88B00118FF9 /* PBXTargetDependency */ = {
			isa = PBXTargetDependency;
			target = CBCAFE2D1D64C88B00118FF9 /* Wakanda */;
			targetProxy = CBCAFE441D64C88B00118FF9 /* PBXContainerItemProxy */;
		};
/* End PBXTargetDependency section */

/* Begin PBXVariantGroup section */
		CBCAFE371D64C88B00118FF9 /* Main.storyboard */ = {
			isa = PBXVariantGroup;
			children = (
				CBCAFE381D64C88B00118FF9 /* Base */,
			);
			name = Main.storyboard;
			sourceTree = "<group>";
		};
		CBCAFE3C1D64C88B00118FF9 /* LaunchScreen.xib */ = {
			isa = PBXVariantGroup;
			children = (
				CBCAFE3D1D64C88B00118FF9 /* Base */,
			);
			name = LaunchScreen.xib;
			sourceTree = "<group>";
		};
/* End PBXVariantGroup section */

/* Begin XCBuildConfiguration section */
		CBCAFE4B1D64C88B00118FF9 /* Debug */ = {
			isa = XCBuildConfiguration;
			buildSettings = {
				ALWAYS_SEARCH_USER_PATHS = NO;
				CLANG_CXX_LANGUAGE_STANDARD = "gnu++0x";
				CLANG_CXX_LIBRARY = "libc++";
				CLANG_ENABLE_MODULES = YES;
				CLANG_ENABLE_OBJC_ARC = YES;
				CLANG_WARN_BOOL_CONVERSION = YES;
				CLANG_WARN_CONSTANT_CONVERSION = YES;
				CLANG_WARN_DIRECT_OBJC_ISA_USAGE = YES_ERROR;
				CLANG_WARN_EMPTY_BODY = YES;
				CLANG_WARN_ENUM_CONVERSION = YES;
				CLANG_WARN_INT_CONVERSION = YES;
				CLANG_WARN_OBJC_ROOT_CLASS = YES_ERROR;
				CLANG_WARN_UNREACHABLE_CODE = YES;
				CLANG_WARN__DUPLICATE_METHOD_MATCH = YES;
				"CODE_SIGN_IDENTITY[sdk=iphoneos*]" = "iPhone Developer";
				COPY_PHASE_STRIP = NO;
				DEBUG_INFORMATION_FORMAT = "dwarf-with-dsym";
				ENABLE_STRICT_OBJC_MSGSEND = YES;
				GCC_C_LANGUAGE_STANDARD = gnu99;
				GCC_DYNAMIC_NO_PIC = NO;
				GCC_NO_COMMON_BLOCKS = YES;
				GCC_OPTIMIZATION_LEVEL = 0;
				GCC_PREPROCESSOR_DEFINITIONS = (
					"DEBUG=1",
					"$(inherited)",
				);
				GCC_SYMBOLS_PRIVATE_EXTERN = NO;
				GCC_WARN_64_TO_32_BIT_CONVERSION = YES;
				GCC_WARN_ABOUT_RETURN_TYPE = YES_ERROR;
				GCC_WARN_UNDECLARED_SELECTOR = YES;
				GCC_WARN_UNINITIALIZED_AUTOS = YES_AGGRESSIVE;
				GCC_WARN_UNUSED_FUNCTION = YES;
				GCC_WARN_UNUSED_VARIABLE = YES;
				IPHONEOS_DEPLOYMENT_TARGET = 8.4;
				MTL_ENABLE_DEBUG_INFO = YES;
				ONLY_ACTIVE_ARCH = YES;
				SDKROOT = iphoneos;
				SWIFT_OPTIMIZATION_LEVEL = "-Onone";
				TARGETED_DEVICE_FAMILY = "1,2";
			};
			name = Debug;
		};
		CBCAFE4C1D64C88B00118FF9 /* Release */ = {
			isa = XCBuildConfiguration;
			buildSettings = {
				ALWAYS_SEARCH_USER_PATHS = NO;
				CLANG_CXX_LANGUAGE_STANDARD = "gnu++0x";
				CLANG_CXX_LIBRARY = "libc++";
				CLANG_ENABLE_MODULES = YES;
				CLANG_ENABLE_OBJC_ARC = YES;
				CLANG_WARN_BOOL_CONVERSION = YES;
				CLANG_WARN_CONSTANT_CONVERSION = YES;
				CLANG_WARN_DIRECT_OBJC_ISA_USAGE = YES_ERROR;
				CLANG_WARN_EMPTY_BODY = YES;
				CLANG_WARN_ENUM_CONVERSION = YES;
				CLANG_WARN_INT_CONVERSION = YES;
				CLANG_WARN_OBJC_ROOT_CLASS = YES_ERROR;
				CLANG_WARN_UNREACHABLE_CODE = YES;
				CLANG_WARN__DUPLICATE_METHOD_MATCH = YES;
				"CODE_SIGN_IDENTITY[sdk=iphoneos*]" = "iPhone Developer";
				COPY_PHASE_STRIP = NO;
				DEBUG_INFORMATION_FORMAT = "dwarf-with-dsym";
				ENABLE_NS_ASSERTIONS = NO;
				ENABLE_STRICT_OBJC_MSGSEND = YES;
				GCC_C_LANGUAGE_STANDARD = gnu99;
				GCC_NO_COMMON_BLOCKS = YES;
				GCC_WARN_64_TO_32_BIT_CONVERSION = YES;
				GCC_WARN_ABOUT_RETURN_TYPE = YES_ERROR;
				GCC_WARN_UNDECLARED_SELECTOR = YES;
				GCC_WARN_UNINITIALIZED_AUTOS = YES_AGGRESSIVE;
				GCC_WARN_UNUSED_FUNCTION = YES;
				GCC_WARN_UNUSED_VARIABLE = YES;
				IPHONEOS_DEPLOYMENT_TARGET = 8.4;
				MTL_ENABLE_DEBUG_INFO = NO;
				SDKROOT = iphoneos;
				TARGETED_DEVICE_FAMILY = "1,2";
				VALIDATE_PRODUCT = YES;
			};
			name = Release;
		};
		CBCAFE4E1D64C88B00118FF9 /* Debug */ = {
			isa = XCBuildConfiguration;
			buildSettings = {
				ASSETCATALOG_COMPILER_APPICON_NAME = AppIcon;
				INFOPLIST_FILE = Wakanda/Info.plist;
				LD_RUNPATH_SEARCH_PATHS = "$(inherited) @executable_path/Frameworks";
				PRODUCT_NAME = "$(TARGET_NAME)";
			};
			name = Debug;
		};
		CBCAFE4F1D64C88B00118FF9 /* Release */ = {
			isa = XCBuildConfiguration;
			buildSettings = {
				ASSETCATALOG_COMPILER_APPICON_NAME = AppIcon;
				INFOPLIST_FILE = Wakanda/Info.plist;
				LD_RUNPATH_SEARCH_PATHS = "$(inherited) @executable_path/Frameworks";
				PRODUCT_NAME = "$(TARGET_NAME)";
			};
			name = Release;
		};
		CBCAFE511D64C88B00118FF9 /* Debug */ = {
			isa = XCBuildConfiguration;
			buildSettings = {
				BUNDLE_LOADER = "$(TEST_HOST)";
				FRAMEWORK_SEARCH_PATHS = (
					"$(SDKROOT)/Developer/Library/Frameworks",
					"$(inherited)",
				);
				GCC_PREPROCESSOR_DEFINITIONS = (
					"DEBUG=1",
					"$(inherited)",
				);
				INFOPLIST_FILE = WakandaTests/Info.plist;
				LD_RUNPATH_SEARCH_PATHS = "$(inherited) @executable_path/Frameworks @loader_path/Frameworks";
				PRODUCT_NAME = "$(TARGET_NAME)";
				TEST_HOST = "$(BUILT_PRODUCTS_DIR)/Wakanda.app/Wakanda";
			};
			name = Debug;
		};
		CBCAFE521D64C88B00118FF9 /* Release */ = {
			isa = XCBuildConfiguration;
			buildSettings = {
				BUNDLE_LOADER = "$(TEST_HOST)";
				FRAMEWORK_SEARCH_PATHS = (
					"$(SDKROOT)/Developer/Library/Frameworks",
					"$(inherited)",
				);
				INFOPLIST_FILE = WakandaTests/Info.plist;
				LD_RUNPATH_SEARCH_PATHS = "$(inherited) @executable_path/Frameworks @loader_path/Frameworks";
				PRODUCT_NAME = "$(TARGET_NAME)";
				TEST_HOST = "$(BUILT_PRODUCTS_DIR)/Wakanda.app/Wakanda";
			};
			name = Release;
		};
/* End XCBuildConfiguration section */

/* Begin XCConfigurationList section */
		CBCAFE291D64C88B00118FF9 /* Build configuration list for PBXProject "Wakanda" */ = {
			isa = XCConfigurationList;
			buildConfigurations = (
				CBCAFE4B1D64C88B00118FF9 /* Debug */,
				CBCAFE4C1D64C88B00118FF9 /* Release */,
			);
			defaultConfigurationIsVisible = 0;
			defaultConfigurationName = Release;
		};
		CBCAFE4D1D64C88B00118FF9 /* Build configuration list for PBXNativeTarget "Wakanda" */ = {
			isa = XCConfigurationList;
			buildConfigurations = (
				CBCAFE4E1D64C88B00118FF9 /* Debug */,
				CBCAFE4F1D64C88B00118FF9 /* Release */,
			);
			defaultConfigurationIsVisible = 0;
			defaultConfigurationName = Release;
		};
		CBCAFE501D64C88B00118FF9 /* Build configuration list for PBXNativeTarget "WakandaTests" */ = {
			isa = XCConfigurationList;
			buildConfigurations = (
				CBCAFE511D64C88B00118FF9 /* Debug */,
				CBCAFE521D64C88B00118FF9 /* Release */,
			);
			defaultConfigurationIsVisible = 0;
			defaultConfigurationName = Release;
		};
/* End XCConfigurationList section */
	};
	rootObject = CBCAFE261D64C88B00118FF9 /* Project object */;
}
